
Microsoft Visual Studio Solution File, Format Version 12.00
# Visual Studio Version 17
VisualStudioVersion = 17.2.32616.157
MinimumVisualStudioVersion = 10.0.40219.1
Project("{FAE04EC0-301F-11D3-BF4B-00C04F79EFBC}") = "Cliente", "Cliente\Cliente.csproj", "{FD5FD2A1-75F1-43BD-B273-5C69AAEA0CB8}"
EndProject
Global
	GlobalSection(SolutionConfigurationPlatforms) = preSolution
		Debug|Any CPU = Debug|Any CPU
		Release|Any CPU = Release|Any CPU
	EndGlobalSection
	GlobalSection(ProjectConfigurationPlatforms) = postSolution
		{FD5FD2A1-75F1-43BD-B273-5C69AAEA0CB8}.Debug|Any CPU.ActiveCfg = Debug|Any CPU
		{FD5FD2A1-75F1-43BD-B273-5C69AAEA0CB8}.Debug|Any CPU.Build.0 = Debug|Any CPU
		{FD5FD2A1-75F1-43BD-B273-5C69AAEA0CB8}.Release|Any CPU.ActiveCfg = Release|Any CPU
		{FD5FD2A1-75F1-43BD-B273-5C69AAEA0CB8}.Release|Any CPU.Build.0 = Release|Any CPU
	EndGlobalSection
	GlobalSection(SolutionProperties) = preSolution
		HideSolutionNode = FALSE
	EndGlobalSection
	GlobalSection(ExtensibilityGlobals) = postSolution
		SolutionGuid = {6E6B4619-3013-478A-BDDB-399062473893}
	EndGlobalSection
EndGlobal
